%{
  "stream_perlin": {:hex, :stream_perlin, "0.1.1", "2cd642190f8253352d2aadcc792c985cd255811667afe57153d49348a0db70d0", [:mix], [], "hexpm", "08fadc403c75775b052ef411a4c9d665e5c6684ea88b237bce3c24d3c6849123"},
  "xml_builder": {:hex, :xml_builder, "2.1.1", "2d6d665f09cf1319e3e1c46035755271b414d99ad8615d0bd6f337623e0c885b", [:mix], [], "hexpm", "214c16caa77e66bf0c6b74099a7059ee00de8fd07728d2a3dc32afe344a7452b"},
}
